
Microsoft Visual Studio Solution File, Format Version 11.00
# Visual Studio 2010
Project("{FAE04EC0-301F-11D3-BF4B-00C04F79EFBC}") = "TwitterReader", "src\TwitterReader\TwitterReader.csproj", "{DABE305A-4DA7-41B1-9C0B-22CF0AD43B5A}"
EndProject
Project("{FAE04EC0-301F-11D3-BF4B-00C04F79EFBC}") = "TwitterLib", "src\TwitterLib\TwitterLib.csproj", "{20D015E5-7FDA-4597-84C7-532FD754A62C}"
EndProject
Project("{FAE04EC0-301F-11D3-BF4B-00C04F79EFBC}") = "TwitterLoader", "src\TwitterLoader\TwitterLoader.csproj", "{40AA8A2F-1F5E-4095-949F-C857E4D6A169}"
EndProject
Project("{2150E333-8FDC-42A3-9474-1A3956D46DE8}") = "Scripts", "Scripts", "{9BFDC590-2E7A-4A19-9D2B-6675AFA0A0DA}"
	ProjectSection(SolutionItems) = preProject
		Scripts\bulkinsert.sql = Scripts\bulkinsert.sql
		Scripts\bulkinsert_binary.sql = Scripts\bulkinsert_binary.sql
		Scripts\create_delete_tweet.sql = Scripts\create_delete_tweet.sql
		Scripts\create_index.sql = Scripts\create_index.sql
		Scripts\create_scrub_geo.sql = Scripts\create_scrub_geo.sql
		Scripts\create_tweet.sql = Scripts\create_tweet.sql
		Scripts\create_tweet_hashtag.sql = Scripts\create_tweet_hashtag.sql
		Scripts\create_tweet_retweet.sql = Scripts\create_tweet_retweet.sql
		Scripts\create_tweet_url.sql = Scripts\create_tweet_url.sql
		Scripts\create_tweet_user_mention.sql = Scripts\create_tweet_user_mention.sql
		Scripts\create_user.sql = Scripts\create_user.sql
		Scripts\drop_table.sql = Scripts\drop_table.sql
		Scripts\index_delete_tweet.sql = Scripts\index_delete_tweet.sql
		Scripts\index_scrub_geo.sql = Scripts\index_scrub_geo.sql
		Scripts\index_tweet.sql = Scripts\index_tweet.sql
		Scripts\index_tweet_hashtag.sql = Scripts\index_tweet_hashtag.sql
		Scripts\index_tweet_retweet.sql = Scripts\index_tweet_retweet.sql
		Scripts\index_tweet_url.sql = Scripts\index_tweet_url.sql
		Scripts\index_tweet_user_mention.sql = Scripts\index_tweet_user_mention.sql
		Scripts\index_user.sql = Scripts\index_user.sql
		Scripts\merge_tweet.sql = Scripts\merge_tweet.sql
		Scripts\merge_tweet_hashtag.sql = Scripts\merge_tweet_hashtag.sql
		Scripts\merge_tweet_retweet.sql = Scripts\merge_tweet_retweet.sql
		Scripts\merge_tweet_url.sql = Scripts\merge_tweet_url.sql
		Scripts\merge_tweet_user_mention.sql = Scripts\merge_tweet_user_mention.sql
		Scripts\merge_user.sql = Scripts\merge_user.sql
		Scripts\merge_user_hashtag.sql = Scripts\merge_user_hashtag.sql
		Scripts\merge_user_update.sql = Scripts\merge_user_update.sql
	EndProjectSection
EndProject
Project("{FAE04EC0-301F-11D3-BF4B-00C04F79EFBC}") = "TwitterSql", "src\TwitterSql\TwitterSql.csproj", "{F8B7E11F-718F-46BB-A6A9-75BBBF535C39}"
EndProject
Project("{FAE04EC0-301F-11D3-BF4B-00C04F79EFBC}") = "TwitterLib.Test", "src\TwitterLib.Test\TwitterLib.Test.csproj", "{928CCCD5-DDE6-4004-B0DC-2C73717500F9}"
EndProject
Project("{2150E333-8FDC-42A3-9474-1A3956D46DE8}") = "Solution Items", "Solution Items", "{3FC94D5D-98F8-48A3-AF4E-8B7286F52115}"
	ProjectSection(SolutionItems) = preProject
		Local.testsettings = Local.testsettings
		Performance1.psess = Performance1.psess
		TraceAndTestImpact.testsettings = TraceAndTestImpact.testsettings
		TwitterToolkit.vsmdi = TwitterToolkit.vsmdi
	EndProjectSection
EndProject
Project("{FAE04EC0-301F-11D3-BF4B-00C04F79EFBC}") = "OverlappedIO", "src\OverlappedIO\OverlappedIO.csproj", "{CA22C605-3034-4370-BBEA-668460551284}"
EndProject
Project("{2150E333-8FDC-42A3-9474-1A3956D46DE8}") = "Config", "Config", "{905A415F-A80F-48A4-A52C-EAF8B57E4098}"
	ProjectSection(SolutionItems) = preProject
		Config\App.config = Config\App.config
	EndProjectSection
EndProject
Project("{FAE04EC0-301F-11D3-BF4B-00C04F79EFBC}") = "TwitterBatchLoader", "src\TwitterBatchLoader\TwitterBatchLoader.csproj", "{BA6AB13B-09A1-45F1-92C5-3D6842DF706B}"
EndProject
Project("{8BC9CEB8-8B4A-11D0-8D11-00A0C91BC942}") = "TwitterFullTextLib", "src\TwitterFullTextLib\TwitterFullTextLib.vcxproj", "{CAAE41C5-5594-4546-95FF-179A546B2101}"
EndProject
Project("{FAE04EC0-301F-11D3-BF4B-00C04F79EFBC}") = "TwitterGeoLocation", "src\TwitterGeoLocation\TwitterGeoLocation.csproj", "{0F73514A-0428-4B11-8AE4-3C3F9D8F53E3}"
EndProject
Project("{FAE04EC0-301F-11D3-BF4B-00C04F79EFBC}") = "TwitterFFLoader", "src\TwitterFFLoader\TwitterFFLoader.csproj", "{6A228219-9678-4A82-8E10-3EEADF2BFA23}"
EndProject
Global
	GlobalSection(TestCaseManagementSettings) = postSolution
		CategoryFile = TwitterToolkit.vsmdi
	EndGlobalSection
	GlobalSection(SolutionConfigurationPlatforms) = preSolution
		Debug|Any CPU = Debug|Any CPU
		Debug|Mixed Platforms = Debug|Mixed Platforms
		Debug|Win32 = Debug|Win32
		Debug|x64 = Debug|x64
		Debug|x86 = Debug|x86
		Development|Any CPU = Development|Any CPU
		Development|Mixed Platforms = Development|Mixed Platforms
		Development|Win32 = Development|Win32
		Development|x64 = Development|x64
		Development|x86 = Development|x86
		Release|Any CPU = Release|Any CPU
		Release|Mixed Platforms = Release|Mixed Platforms
		Release|Win32 = Release|Win32
		Release|x64 = Release|x64
		Release|x86 = Release|x86
	EndGlobalSection
	GlobalSection(ProjectConfigurationPlatforms) = postSolution
		{DABE305A-4DA7-41B1-9C0B-22CF0AD43B5A}.Debug|Any CPU.ActiveCfg = Debug|Any CPU
		{DABE305A-4DA7-41B1-9C0B-22CF0AD43B5A}.Debug|Any CPU.Build.0 = Debug|Any CPU
		{DABE305A-4DA7-41B1-9C0B-22CF0AD43B5A}.Debug|Mixed Platforms.ActiveCfg = Debug|Any CPU
		{DABE305A-4DA7-41B1-9C0B-22CF0AD43B5A}.Debug|Mixed Platforms.Build.0 = Debug|Any CPU
		{DABE305A-4DA7-41B1-9C0B-22CF0AD43B5A}.Debug|Win32.ActiveCfg = Debug|x64
		{DABE305A-4DA7-41B1-9C0B-22CF0AD43B5A}.Debug|x64.ActiveCfg = Debug|Any CPU
		{DABE305A-4DA7-41B1-9C0B-22CF0AD43B5A}.Debug|x64.Build.0 = Debug|Any CPU
		{DABE305A-4DA7-41B1-9C0B-22CF0AD43B5A}.Debug|x86.ActiveCfg = Debug|x86
		{DABE305A-4DA7-41B1-9C0B-22CF0AD43B5A}.Debug|x86.Build.0 = Debug|x86
		{DABE305A-4DA7-41B1-9C0B-22CF0AD43B5A}.Development|Any CPU.ActiveCfg = Debug|x64
		{DABE305A-4DA7-41B1-9C0B-22CF0AD43B5A}.Development|Mixed Platforms.ActiveCfg = Debug|x64
		{DABE305A-4DA7-41B1-9C0B-22CF0AD43B5A}.Development|Mixed Platforms.Build.0 = Debug|x64
		{DABE305A-4DA7-41B1-9C0B-22CF0AD43B5A}.Development|Win32.ActiveCfg = Debug|x64
		{DABE305A-4DA7-41B1-9C0B-22CF0AD43B5A}.Development|x64.ActiveCfg = Debug|x64
		{DABE305A-4DA7-41B1-9C0B-22CF0AD43B5A}.Development|x64.Build.0 = Debug|x64
		{DABE305A-4DA7-41B1-9C0B-22CF0AD43B5A}.Development|x86.ActiveCfg = Debug|x64
		{DABE305A-4DA7-41B1-9C0B-22CF0AD43B5A}.Release|Any CPU.ActiveCfg = Release|Any CPU
		{DABE305A-4DA7-41B1-9C0B-22CF0AD43B5A}.Release|Any CPU.Build.0 = Release|Any CPU
		{DABE305A-4DA7-41B1-9C0B-22CF0AD43B5A}.Release|Mixed Platforms.ActiveCfg = Release|Any CPU
		{DABE305A-4DA7-41B1-9C0B-22CF0AD43B5A}.Release|Mixed Platforms.Build.0 = Release|Any CPU
		{DABE305A-4DA7-41B1-9C0B-22CF0AD43B5A}.Release|Win32.ActiveCfg = Release|x64
		{DABE305A-4DA7-41B1-9C0B-22CF0AD43B5A}.Release|x64.ActiveCfg = Release|x64
		{DABE305A-4DA7-41B1-9C0B-22CF0AD43B5A}.Release|x64.Build.0 = Release|x64
		{DABE305A-4DA7-41B1-9C0B-22CF0AD43B5A}.Release|x86.ActiveCfg = Release|x86
		{DABE305A-4DA7-41B1-9C0B-22CF0AD43B5A}.Release|x86.Build.0 = Release|x86
		{20D015E5-7FDA-4597-84C7-532FD754A62C}.Debug|Any CPU.ActiveCfg = Debug|Any CPU
		{20D015E5-7FDA-4597-84C7-532FD754A62C}.Debug|Any CPU.Build.0 = Debug|Any CPU
		{20D015E5-7FDA-4597-84C7-532FD754A62C}.Debug|Mixed Platforms.ActiveCfg = Debug|Any CPU
		{20D015E5-7FDA-4597-84C7-532FD754A62C}.Debug|Mixed Platforms.Build.0 = Debug|Any CPU
		{20D015E5-7FDA-4597-84C7-532FD754A62C}.Debug|Win32.ActiveCfg = Debug|x64
		{20D015E5-7FDA-4597-84C7-532FD754A62C}.Debug|x64.ActiveCfg = Debug|Any CPU
		{20D015E5-7FDA-4597-84C7-532FD754A62C}.Debug|x64.Build.0 = Debug|Any CPU
		{20D015E5-7FDA-4597-84C7-532FD754A62C}.Debug|x86.ActiveCfg = Debug|x64
		{20D015E5-7FDA-4597-84C7-532FD754A62C}.Development|Any CPU.ActiveCfg = Debug|x64
		{20D015E5-7FDA-4597-84C7-532FD754A62C}.Development|Mixed Platforms.ActiveCfg = Debug|x64
		{20D015E5-7FDA-4597-84C7-532FD754A62C}.Development|Mixed Platforms.Build.0 = Debug|x64
		{20D015E5-7FDA-4597-84C7-532FD754A62C}.Development|Win32.ActiveCfg = Debug|x64
		{20D015E5-7FDA-4597-84C7-532FD754A62C}.Development|x64.ActiveCfg = Debug|x64
		{20D015E5-7FDA-4597-84C7-532FD754A62C}.Development|x64.Build.0 = Debug|x64
		{20D015E5-7FDA-4597-84C7-532FD754A62C}.Development|x86.ActiveCfg = Debug|x64
		{20D015E5-7FDA-4597-84C7-532FD754A62C}.Release|Any CPU.ActiveCfg = Release|Any CPU
		{20D015E5-7FDA-4597-84C7-532FD754A62C}.Release|Any CPU.Build.0 = Release|Any CPU
		{20D015E5-7FDA-4597-84C7-532FD754A62C}.Release|Mixed Platforms.ActiveCfg = Release|Any CPU
		{20D015E5-7FDA-4597-84C7-532FD754A62C}.Release|Mixed Platforms.Build.0 = Release|Any CPU
		{20D015E5-7FDA-4597-84C7-532FD754A62C}.Release|Win32.ActiveCfg = Release|x64
		{20D015E5-7FDA-4597-84C7-532FD754A62C}.Release|x64.ActiveCfg = Release|x64
		{20D015E5-7FDA-4597-84C7-532FD754A62C}.Release|x64.Build.0 = Release|x64
		{20D015E5-7FDA-4597-84C7-532FD754A62C}.Release|x86.ActiveCfg = Release|x64
		{40AA8A2F-1F5E-4095-949F-C857E4D6A169}.Debug|Any CPU.ActiveCfg = Debug|Any CPU
		{40AA8A2F-1F5E-4095-949F-C857E4D6A169}.Debug|Any CPU.Build.0 = Debug|Any CPU
		{40AA8A2F-1F5E-4095-949F-C857E4D6A169}.Debug|Mixed Platforms.ActiveCfg = Debug|Any CPU
		{40AA8A2F-1F5E-4095-949F-C857E4D6A169}.Debug|Mixed Platforms.Build.0 = Debug|Any CPU
		{40AA8A2F-1F5E-4095-949F-C857E4D6A169}.Debug|Win32.ActiveCfg = Debug|x64
		{40AA8A2F-1F5E-4095-949F-C857E4D6A169}.Debug|x64.ActiveCfg = Debug|Any CPU
		{40AA8A2F-1F5E-4095-949F-C857E4D6A169}.Debug|x64.Build.0 = Debug|Any CPU
		{40AA8A2F-1F5E-4095-949F-C857E4D6A169}.Debug|x86.ActiveCfg = Debug|x86
		{40AA8A2F-1F5E-4095-949F-C857E4D6A169}.Debug|x86.Build.0 = Debug|x86
		{40AA8A2F-1F5E-4095-949F-C857E4D6A169}.Development|Any CPU.ActiveCfg = Debug|x64
		{40AA8A2F-1F5E-4095-949F-C857E4D6A169}.Development|Mixed Platforms.ActiveCfg = Debug|x64
		{40AA8A2F-1F5E-4095-949F-C857E4D6A169}.Development|Mixed Platforms.Build.0 = Debug|x64
		{40AA8A2F-1F5E-4095-949F-C857E4D6A169}.Development|Win32.ActiveCfg = Debug|x64
		{40AA8A2F-1F5E-4095-949F-C857E4D6A169}.Development|x64.ActiveCfg = Debug|x64
		{40AA8A2F-1F5E-4095-949F-C857E4D6A169}.Development|x64.Build.0 = Debug|x64
		{40AA8A2F-1F5E-4095-949F-C857E4D6A169}.Development|x86.ActiveCfg = Debug|x64
		{40AA8A2F-1F5E-4095-949F-C857E4D6A169}.Release|Any CPU.ActiveCfg = Release|Any CPU
		{40AA8A2F-1F5E-4095-949F-C857E4D6A169}.Release|Any CPU.Build.0 = Release|Any CPU
		{40AA8A2F-1F5E-4095-949F-C857E4D6A169}.Release|Mixed Platforms.ActiveCfg = Release|x64
		{40AA8A2F-1F5E-4095-949F-C857E4D6A169}.Release|Mixed Platforms.Build.0 = Release|x64
		{40AA8A2F-1F5E-4095-949F-C857E4D6A169}.Release|Win32.ActiveCfg = Release|x86
		{40AA8A2F-1F5E-4095-949F-C857E4D6A169}.Release|x64.ActiveCfg = Release|x64
		{40AA8A2F-1F5E-4095-949F-C857E4D6A169}.Release|x64.Build.0 = Release|x64
		{40AA8A2F-1F5E-4095-949F-C857E4D6A169}.Release|x86.ActiveCfg = Release|x86
		{40AA8A2F-1F5E-4095-949F-C857E4D6A169}.Release|x86.Build.0 = Release|x86
		{F8B7E11F-718F-46BB-A6A9-75BBBF535C39}.Debug|Any CPU.ActiveCfg = Debug|Any CPU
		{F8B7E11F-718F-46BB-A6A9-75BBBF535C39}.Debug|Mixed Platforms.ActiveCfg = Debug|Any CPU
		{F8B7E11F-718F-46BB-A6A9-75BBBF535C39}.Debug|Win32.ActiveCfg = Debug|Any CPU
		{F8B7E11F-718F-46BB-A6A9-75BBBF535C39}.Debug|x64.ActiveCfg = Debug|Any CPU
		{F8B7E11F-718F-46BB-A6A9-75BBBF535C39}.Debug|x86.ActiveCfg = Debug|Any CPU
		{F8B7E11F-718F-46BB-A6A9-75BBBF535C39}.Development|Any CPU.ActiveCfg = Debug|Any CPU
		{F8B7E11F-718F-46BB-A6A9-75BBBF535C39}.Development|Any CPU.Build.0 = Debug|Any CPU
		{F8B7E11F-718F-46BB-A6A9-75BBBF535C39}.Development|Any CPU.Deploy.0 = Debug|Any CPU
		{F8B7E11F-718F-46BB-A6A9-75BBBF535C39}.Development|Mixed Platforms.ActiveCfg = Debug|Any CPU
		{F8B7E11F-718F-46BB-A6A9-75BBBF535C39}.Development|Mixed Platforms.Build.0 = Debug|Any CPU
		{F8B7E11F-718F-46BB-A6A9-75BBBF535C39}.Development|Mixed Platforms.Deploy.0 = Debug|Any CPU
		{F8B7E11F-718F-46BB-A6A9-75BBBF535C39}.Development|Win32.ActiveCfg = Debug|Any CPU
		{F8B7E11F-718F-46BB-A6A9-75BBBF535C39}.Development|x64.ActiveCfg = Debug|Any CPU
		{F8B7E11F-718F-46BB-A6A9-75BBBF535C39}.Development|x86.ActiveCfg = Debug|Any CPU
		{F8B7E11F-718F-46BB-A6A9-75BBBF535C39}.Release|Any CPU.ActiveCfg = Release|Any CPU
		{F8B7E11F-718F-46BB-A6A9-75BBBF535C39}.Release|Mixed Platforms.ActiveCfg = Release|Any CPU
		{F8B7E11F-718F-46BB-A6A9-75BBBF535C39}.Release|Win32.ActiveCfg = Release|Any CPU
		{F8B7E11F-718F-46BB-A6A9-75BBBF535C39}.Release|x64.ActiveCfg = Release|Any CPU
		{F8B7E11F-718F-46BB-A6A9-75BBBF535C39}.Release|x64.Build.0 = Release|Any CPU
		{F8B7E11F-718F-46BB-A6A9-75BBBF535C39}.Release|x86.ActiveCfg = Release|Any CPU
		{928CCCD5-DDE6-4004-B0DC-2C73717500F9}.Debug|Any CPU.ActiveCfg = Debug|Any CPU
		{928CCCD5-DDE6-4004-B0DC-2C73717500F9}.Debug|Any CPU.Build.0 = Debug|Any CPU
		{928CCCD5-DDE6-4004-B0DC-2C73717500F9}.Debug|Mixed Platforms.ActiveCfg = Debug|Any CPU
		{928CCCD5-DDE6-4004-B0DC-2C73717500F9}.Debug|Mixed Platforms.Build.0 = Debug|Any CPU
		{928CCCD5-DDE6-4004-B0DC-2C73717500F9}.Debug|Win32.ActiveCfg = Debug|x64
		{928CCCD5-DDE6-4004-B0DC-2C73717500F9}.Debug|x64.ActiveCfg = Debug|Any CPU
		{928CCCD5-DDE6-4004-B0DC-2C73717500F9}.Debug|x64.Build.0 = Debug|Any CPU
		{928CCCD5-DDE6-4004-B0DC-2C73717500F9}.Debug|x86.ActiveCfg = Debug|x64
		{928CCCD5-DDE6-4004-B0DC-2C73717500F9}.Development|Any CPU.ActiveCfg = Debug|x64
		{928CCCD5-DDE6-4004-B0DC-2C73717500F9}.Development|Mixed Platforms.ActiveCfg = Debug|x64
		{928CCCD5-DDE6-4004-B0DC-2C73717500F9}.Development|Mixed Platforms.Build.0 = Debug|x64
		{928CCCD5-DDE6-4004-B0DC-2C73717500F9}.Development|Win32.ActiveCfg = Debug|x64
		{928CCCD5-DDE6-4004-B0DC-2C73717500F9}.Development|x64.ActiveCfg = Debug|x64
		{928CCCD5-DDE6-4004-B0DC-2C73717500F9}.Development|x64.Build.0 = Debug|x64
		{928CCCD5-DDE6-4004-B0DC-2C73717500F9}.Development|x86.ActiveCfg = Debug|x64
		{928CCCD5-DDE6-4004-B0DC-2C73717500F9}.Release|Any CPU.ActiveCfg = Release|Any CPU
		{928CCCD5-DDE6-4004-B0DC-2C73717500F9}.Release|Any CPU.Build.0 = Release|Any CPU
		{928CCCD5-DDE6-4004-B0DC-2C73717500F9}.Release|Mixed Platforms.ActiveCfg = Release|Any CPU
		{928CCCD5-DDE6-4004-B0DC-2C73717500F9}.Release|Mixed Platforms.Build.0 = Release|Any CPU
		{928CCCD5-DDE6-4004-B0DC-2C73717500F9}.Release|Win32.ActiveCfg = Release|x64
		{928CCCD5-DDE6-4004-B0DC-2C73717500F9}.Release|x64.ActiveCfg = Release|x64
		{928CCCD5-DDE6-4004-B0DC-2C73717500F9}.Release|x64.Build.0 = Release|x64
		{928CCCD5-DDE6-4004-B0DC-2C73717500F9}.Release|x86.ActiveCfg = Release|x64
		{CA22C605-3034-4370-BBEA-668460551284}.Debug|Any CPU.ActiveCfg = Debug|Any CPU
		{CA22C605-3034-4370-BBEA-668460551284}.Debug|Any CPU.Build.0 = Debug|Any CPU
		{CA22C605-3034-4370-BBEA-668460551284}.Debug|Mixed Platforms.ActiveCfg = Debug|Any CPU
		{CA22C605-3034-4370-BBEA-668460551284}.Debug|Mixed Platforms.Build.0 = Debug|Any CPU
		{CA22C605-3034-4370-BBEA-668460551284}.Debug|Win32.ActiveCfg = Debug|x64
		{CA22C605-3034-4370-BBEA-668460551284}.Debug|x64.ActiveCfg = Debug|Any CPU
		{CA22C605-3034-4370-BBEA-668460551284}.Debug|x64.Build.0 = Debug|Any CPU
		{CA22C605-3034-4370-BBEA-668460551284}.Debug|x86.ActiveCfg = Debug|x64
		{CA22C605-3034-4370-BBEA-668460551284}.Development|Any CPU.ActiveCfg = Debug|x64
		{CA22C605-3034-4370-BBEA-668460551284}.Development|Mixed Platforms.ActiveCfg = Debug|x64
		{CA22C605-3034-4370-BBEA-668460551284}.Development|Mixed Platforms.Build.0 = Debug|x64
		{CA22C605-3034-4370-BBEA-668460551284}.Development|Win32.ActiveCfg = Debug|x64
		{CA22C605-3034-4370-BBEA-668460551284}.Development|x64.ActiveCfg = Debug|x64
		{CA22C605-3034-4370-BBEA-668460551284}.Development|x64.Build.0 = Debug|x64
		{CA22C605-3034-4370-BBEA-668460551284}.Development|x86.ActiveCfg = Debug|x64
		{CA22C605-3034-4370-BBEA-668460551284}.Release|Any CPU.ActiveCfg = Release|Any CPU
		{CA22C605-3034-4370-BBEA-668460551284}.Release|Any CPU.Build.0 = Release|Any CPU
		{CA22C605-3034-4370-BBEA-668460551284}.Release|Mixed Platforms.ActiveCfg = Release|Any CPU
		{CA22C605-3034-4370-BBEA-668460551284}.Release|Mixed Platforms.Build.0 = Release|Any CPU
		{CA22C605-3034-4370-BBEA-668460551284}.Release|Win32.ActiveCfg = Release|x64
		{CA22C605-3034-4370-BBEA-668460551284}.Release|x64.ActiveCfg = Release|x64
		{CA22C605-3034-4370-BBEA-668460551284}.Release|x64.Build.0 = Release|x64
		{CA22C605-3034-4370-BBEA-668460551284}.Release|x86.ActiveCfg = Release|x64
		{BA6AB13B-09A1-45F1-92C5-3D6842DF706B}.Debug|Any CPU.ActiveCfg = Debug|Any CPU
		{BA6AB13B-09A1-45F1-92C5-3D6842DF706B}.Debug|Any CPU.Build.0 = Debug|Any CPU
		{BA6AB13B-09A1-45F1-92C5-3D6842DF706B}.Debug|Mixed Platforms.ActiveCfg = Debug|Any CPU
		{BA6AB13B-09A1-45F1-92C5-3D6842DF706B}.Debug|Mixed Platforms.Build.0 = Debug|Any CPU
		{BA6AB13B-09A1-45F1-92C5-3D6842DF706B}.Debug|Win32.ActiveCfg = Debug|Any CPU
		{BA6AB13B-09A1-45F1-92C5-3D6842DF706B}.Debug|x64.ActiveCfg = Debug|x86
		{BA6AB13B-09A1-45F1-92C5-3D6842DF706B}.Debug|x86.ActiveCfg = Debug|x86
		{BA6AB13B-09A1-45F1-92C5-3D6842DF706B}.Debug|x86.Build.0 = Debug|x86
		{BA6AB13B-09A1-45F1-92C5-3D6842DF706B}.Development|Any CPU.ActiveCfg = Debug|Any CPU
		{BA6AB13B-09A1-45F1-92C5-3D6842DF706B}.Development|Any CPU.Build.0 = Debug|Any CPU
		{BA6AB13B-09A1-45F1-92C5-3D6842DF706B}.Development|Mixed Platforms.ActiveCfg = Debug|Any CPU
		{BA6AB13B-09A1-45F1-92C5-3D6842DF706B}.Development|Mixed Platforms.Build.0 = Debug|Any CPU
		{BA6AB13B-09A1-45F1-92C5-3D6842DF706B}.Development|Win32.ActiveCfg = Debug|Any CPU
		{BA6AB13B-09A1-45F1-92C5-3D6842DF706B}.Development|x64.ActiveCfg = Debug|Any CPU
		{BA6AB13B-09A1-45F1-92C5-3D6842DF706B}.Development|x86.ActiveCfg = Debug|Any CPU
		{BA6AB13B-09A1-45F1-92C5-3D6842DF706B}.Release|Any CPU.ActiveCfg = Release|Any CPU
		{BA6AB13B-09A1-45F1-92C5-3D6842DF706B}.Release|Any CPU.Build.0 = Release|Any CPU
		{BA6AB13B-09A1-45F1-92C5-3D6842DF706B}.Release|Mixed Platforms.ActiveCfg = Release|Any CPU
		{BA6AB13B-09A1-45F1-92C5-3D6842DF706B}.Release|Mixed Platforms.Build.0 = Release|Any CPU
		{BA6AB13B-09A1-45F1-92C5-3D6842DF706B}.Release|Win32.ActiveCfg = Release|Any CPU
		{BA6AB13B-09A1-45F1-92C5-3D6842DF706B}.Release|x64.ActiveCfg = Release|x86
		{BA6AB13B-09A1-45F1-92C5-3D6842DF706B}.Release|x86.ActiveCfg = Release|x86
		{BA6AB13B-09A1-45F1-92C5-3D6842DF706B}.Release|x86.Build.0 = Release|x86
		{CAAE41C5-5594-4546-95FF-179A546B2101}.Debug|Any CPU.ActiveCfg = Debug|x64
		{CAAE41C5-5594-4546-95FF-179A546B2101}.Debug|Mixed Platforms.ActiveCfg = Debug|Win32
		{CAAE41C5-5594-4546-95FF-179A546B2101}.Debug|Win32.ActiveCfg = Debug|Win32
		{CAAE41C5-5594-4546-95FF-179A546B2101}.Debug|Win32.Build.0 = Debug|Win32
		{CAAE41C5-5594-4546-95FF-179A546B2101}.Debug|x64.ActiveCfg = Debug|Win32
		{CAAE41C5-5594-4546-95FF-179A546B2101}.Debug|x86.ActiveCfg = Debug|Win32
		{CAAE41C5-5594-4546-95FF-179A546B2101}.Development|Any CPU.ActiveCfg = Debug|x64
		{CAAE41C5-5594-4546-95FF-179A546B2101}.Development|Mixed Platforms.ActiveCfg = Debug|x64
		{CAAE41C5-5594-4546-95FF-179A546B2101}.Development|Mixed Platforms.Build.0 = Debug|x64
		{CAAE41C5-5594-4546-95FF-179A546B2101}.Development|Win32.ActiveCfg = Debug|x64
		{CAAE41C5-5594-4546-95FF-179A546B2101}.Development|x64.ActiveCfg = Debug|x64
		{CAAE41C5-5594-4546-95FF-179A546B2101}.Development|x64.Build.0 = Debug|x64
		{CAAE41C5-5594-4546-95FF-179A546B2101}.Development|x86.ActiveCfg = Debug|x64
		{CAAE41C5-5594-4546-95FF-179A546B2101}.Release|Any CPU.ActiveCfg = Release|x64
		{CAAE41C5-5594-4546-95FF-179A546B2101}.Release|Mixed Platforms.ActiveCfg = Release|Win32
		{CAAE41C5-5594-4546-95FF-179A546B2101}.Release|Win32.ActiveCfg = Release|Win32
		{CAAE41C5-5594-4546-95FF-179A546B2101}.Release|Win32.Build.0 = Release|Win32
		{CAAE41C5-5594-4546-95FF-179A546B2101}.Release|x64.ActiveCfg = Release|Win32
		{CAAE41C5-5594-4546-95FF-179A546B2101}.Release|x86.ActiveCfg = Release|Win32
		{0F73514A-0428-4B11-8AE4-3C3F9D8F53E3}.Debug|Any CPU.ActiveCfg = Debug|Any CPU
		{0F73514A-0428-4B11-8AE4-3C3F9D8F53E3}.Debug|Any CPU.Build.0 = Debug|Any CPU
		{0F73514A-0428-4B11-8AE4-3C3F9D8F53E3}.Debug|Mixed Platforms.ActiveCfg = Debug|Any CPU
		{0F73514A-0428-4B11-8AE4-3C3F9D8F53E3}.Debug|Mixed Platforms.Build.0 = Debug|Any CPU
		{0F73514A-0428-4B11-8AE4-3C3F9D8F53E3}.Debug|Win32.ActiveCfg = Debug|x86
		{0F73514A-0428-4B11-8AE4-3C3F9D8F53E3}.Debug|x64.ActiveCfg = Debug|x86
		{0F73514A-0428-4B11-8AE4-3C3F9D8F53E3}.Debug|x86.ActiveCfg = Debug|x86
		{0F73514A-0428-4B11-8AE4-3C3F9D8F53E3}.Debug|x86.Build.0 = Debug|x86
		{0F73514A-0428-4B11-8AE4-3C3F9D8F53E3}.Development|Any CPU.ActiveCfg = Debug|x86
		{0F73514A-0428-4B11-8AE4-3C3F9D8F53E3}.Development|Mixed Platforms.ActiveCfg = Debug|x86
		{0F73514A-0428-4B11-8AE4-3C3F9D8F53E3}.Development|Mixed Platforms.Build.0 = Debug|x86
		{0F73514A-0428-4B11-8AE4-3C3F9D8F53E3}.Development|Win32.ActiveCfg = Debug|x86
		{0F73514A-0428-4B11-8AE4-3C3F9D8F53E3}.Development|x64.ActiveCfg = Debug|x86
		{0F73514A-0428-4B11-8AE4-3C3F9D8F53E3}.Development|x86.ActiveCfg = Debug|x86
		{0F73514A-0428-4B11-8AE4-3C3F9D8F53E3}.Development|x86.Build.0 = Debug|x86
		{0F73514A-0428-4B11-8AE4-3C3F9D8F53E3}.Release|Any CPU.ActiveCfg = Release|Any CPU
		{0F73514A-0428-4B11-8AE4-3C3F9D8F53E3}.Release|Any CPU.Build.0 = Release|Any CPU
		{0F73514A-0428-4B11-8AE4-3C3F9D8F53E3}.Release|Mixed Platforms.ActiveCfg = Release|Any CPU
		{0F73514A-0428-4B11-8AE4-3C3F9D8F53E3}.Release|Mixed Platforms.Build.0 = Release|Any CPU
		{0F73514A-0428-4B11-8AE4-3C3F9D8F53E3}.Release|Win32.ActiveCfg = Release|x86
		{0F73514A-0428-4B11-8AE4-3C3F9D8F53E3}.Release|x64.ActiveCfg = Release|x86
		{0F73514A-0428-4B11-8AE4-3C3F9D8F53E3}.Release|x86.ActiveCfg = Release|x86
		{0F73514A-0428-4B11-8AE4-3C3F9D8F53E3}.Release|x86.Build.0 = Release|x86
		{6A228219-9678-4A82-8E10-3EEADF2BFA23}.Debug|Any CPU.ActiveCfg = Debug|Any CPU
		{6A228219-9678-4A82-8E10-3EEADF2BFA23}.Debug|Any CPU.Build.0 = Debug|Any CPU
		{6A228219-9678-4A82-8E10-3EEADF2BFA23}.Debug|Mixed Platforms.ActiveCfg = Debug|Any CPU
		{6A228219-9678-4A82-8E10-3EEADF2BFA23}.Debug|Mixed Platforms.Build.0 = Debug|Any CPU
		{6A228219-9678-4A82-8E10-3EEADF2BFA23}.Debug|Win32.ActiveCfg = Debug|Any CPU
		{6A228219-9678-4A82-8E10-3EEADF2BFA23}.Debug|x64.ActiveCfg = Debug|x86
		{6A228219-9678-4A82-8E10-3EEADF2BFA23}.Debug|x86.ActiveCfg = Debug|x86
		{6A228219-9678-4A82-8E10-3EEADF2BFA23}.Debug|x86.Build.0 = Debug|x86
		{6A228219-9678-4A82-8E10-3EEADF2BFA23}.Development|Any CPU.ActiveCfg = Debug|Any CPU
		{6A228219-9678-4A82-8E10-3EEADF2BFA23}.Development|Any CPU.Build.0 = Debug|Any CPU
		{6A228219-9678-4A82-8E10-3EEADF2BFA23}.Development|Mixed Platforms.ActiveCfg = Debug|Any CPU
		{6A228219-9678-4A82-8E10-3EEADF2BFA23}.Development|Mixed Platforms.Build.0 = Debug|Any CPU
		{6A228219-9678-4A82-8E10-3EEADF2BFA23}.Development|Win32.ActiveCfg = Debug|Any CPU
		{6A228219-9678-4A82-8E10-3EEADF2BFA23}.Development|x64.ActiveCfg = Debug|Any CPU
		{6A228219-9678-4A82-8E10-3EEADF2BFA23}.Development|x86.ActiveCfg = Debug|Any CPU
		{6A228219-9678-4A82-8E10-3EEADF2BFA23}.Release|Any CPU.ActiveCfg = Release|Any CPU
		{6A228219-9678-4A82-8E10-3EEADF2BFA23}.Release|Any CPU.Build.0 = Release|Any CPU
		{6A228219-9678-4A82-8E10-3EEADF2BFA23}.Release|Mixed Platforms.ActiveCfg = Release|Any CPU
		{6A228219-9678-4A82-8E10-3EEADF2BFA23}.Release|Mixed Platforms.Build.0 = Release|Any CPU
		{6A228219-9678-4A82-8E10-3EEADF2BFA23}.Release|Win32.ActiveCfg = Release|Any CPU
		{6A228219-9678-4A82-8E10-3EEADF2BFA23}.Release|x64.ActiveCfg = Release|x86
		{6A228219-9678-4A82-8E10-3EEADF2BFA23}.Release|x86.ActiveCfg = Release|x86
		{6A228219-9678-4A82-8E10-3EEADF2BFA23}.Release|x86.Build.0 = Release|x86
	EndGlobalSection
	GlobalSection(SolutionProperties) = preSolution
		HideSolutionNode = FALSE
	EndGlobalSection
EndGlobal
